hash: cf57e5b881510c1c8e2fa18a830db2844286344f6b6a3b5286b995dd76c5758a
updated: 2017-11-08T14:45:18.320687656Z
imports:
- name: github.com/golang/mock
  version: 13f360950a79f5864a972c786a10a50e44b69541
  subpackages:
  - gomock
- name: github.com/trussle/uuid
  version: 23bc856a10519000ea4c17b77520ab48c3d3bbfd
testImports: []
